
Microsoft Visual Studio Solution File, Format Version 12.00
# Visual Studio Version 17
VisualStudioVersion = 17.7.33906.173
MinimumVisualStudioVersion = 10.0.40219.1
Project("{FAE04EC0-301F-11D3-BF4B-00C04F79EFBC}") = "WebApi", "WebApi\WebApi.csproj", "{FA7432AF-A2D4-4143-B970-33B5B64FE320}"
EndProject
Project("{FAE04EC0-301F-11D3-BF4B-00C04F79EFBC}") = "Persistence", "Persistence\Persistence.csproj", "{7681E462-AC0C-4E11-95BC-DC844FF37F9C}"
EndProject
Project("{FAE04EC0-301F-11D3-BF4B-00C04F79EFBC}") = "Domain", "Domain\Domain.csproj", "{05144F93-825C-4923-B2B4-7F5282EC1A7D}"
EndProject
Project("{FAE04EC0-301F-11D3-BF4B-00C04F79EFBC}") = "Application", "Application\Application.csproj", "{13D46A0E-6F19-426C-86EA-BADC5F981D94}"
EndProject
Project("{FAE04EC0-301F-11D3-BF4B-00C04F79EFBC}") = "Infrastructure", "Infrastructure\Infrastructure.csproj", "{3F012D9A-56B6-42D3-8CC1-45313C1AAE49}"
EndProject
Global
	GlobalSection(SolutionConfigurationPlatforms) = preSolution
		Debug|Any CPU = Debug|Any CPU
		Release|Any CPU = Release|Any CPU
	EndGlobalSection
	GlobalSection(ProjectConfigurationPlatforms) = postSolution
		{FA7432AF-A2D4-4143-B970-33B5B64FE320}.Debug|Any CPU.ActiveCfg = Debug|Any CPU
		{FA7432AF-A2D4-4143-B970-33B5B64FE320}.Debug|Any CPU.Build.0 = Debug|Any CPU
		{FA7432AF-A2D4-4143-B970-33B5B64FE320}.Release|Any CPU.ActiveCfg = Release|Any CPU
		{FA7432AF-A2D4-4143-B970-33B5B64FE320}.Release|Any CPU.Build.0 = Release|Any CPU
		{7681E462-AC0C-4E11-95BC-DC844FF37F9C}.Debug|Any CPU.ActiveCfg = Debug|Any CPU
		{7681E462-AC0C-4E11-95BC-DC844FF37F9C}.Debug|Any CPU.Build.0 = Debug|Any CPU
		{7681E462-AC0C-4E11-95BC-DC844FF37F9C}.Release|Any CPU.ActiveCfg = Release|Any CPU
		{7681E462-AC0C-4E11-95BC-DC844FF37F9C}.Release|Any CPU.Build.0 = Release|Any CPU
		{05144F93-825C-4923-B2B4-7F5282EC1A7D}.Debug|Any CPU.ActiveCfg = Debug|Any CPU
		{05144F93-825C-4923-B2B4-7F5282EC1A7D}.Debug|Any CPU.Build.0 = Debug|Any CPU
		{05144F93-825C-4923-B2B4-7F5282EC1A7D}.Release|Any CPU.ActiveCfg = Release|Any CPU
		{05144F93-825C-4923-B2B4-7F5282EC1A7D}.Release|Any CPU.Build.0 = Release|Any CPU
		{13D46A0E-6F19-426C-86EA-BADC5F981D94}.Debug|Any CPU.ActiveCfg = Debug|Any CPU
		{13D46A0E-6F19-426C-86EA-BADC5F981D94}.Debug|Any CPU.Build.0 = Debug|Any CPU
		{13D46A0E-6F19-426C-86EA-BADC5F981D94}.Release|Any CPU.ActiveCfg = Release|Any CPU
		{13D46A0E-6F19-426C-86EA-BADC5F981D94}.Release|Any CPU.Build.0 = Release|Any CPU
		{3F012D9A-56B6-42D3-8CC1-45313C1AAE49}.Debug|Any CPU.ActiveCfg = Debug|Any CPU
		{3F012D9A-56B6-42D3-8CC1-45313C1AAE49}.Debug|Any CPU.Build.0 = Debug|Any CPU
		{3F012D9A-56B6-42D3-8CC1-45313C1AAE49}.Release|Any CPU.ActiveCfg = Release|Any CPU
		{3F012D9A-56B6-42D3-8CC1-45313C1AAE49}.Release|Any CPU.Build.0 = Release|Any CPU
	EndGlobalSection
	GlobalSection(SolutionProperties) = preSolution
		HideSolutionNode = FALSE
	EndGlobalSection
	GlobalSection(ExtensibilityGlobals) = postSolution
		SolutionGuid = {C51F03FB-6802-4F78-9DFE-A1FB8EE4466F}
	EndGlobalSection
EndGlobal
